
Microsoft Visual Studio Solution File, Format Version 12.00
# Visual Studio Version 16
VisualStudioVersion = 16.0.31729.503
MinimumVisualStudioVersion = 10.0.40219.1
Project("{FAE04EC0-301F-11D3-BF4B-00C04F79EFBC}") = "HomeWork16_1", "HomeWork16_1\HomeWork16_1.csproj", "{479AF25A-A451-49AA-A245-C7EDA06E217C}"
EndProject
Project("{FAE04EC0-301F-11D3-BF4B-00C04F79EFBC}") = "HomeWork16_2", "HomeWork16_2\HomeWork16_2.csproj", "{C52A65EC-07E4-4D9D-9343-DA98EA0ECD6B}"
EndProject
Global
	GlobalSection(SolutionConfigurationPlatforms) = preSolution
		Debug|Any CPU = Debug|Any CPU
		Release|Any CPU = Release|Any CPU
	EndGlobalSection
	GlobalSection(ProjectConfigurationPlatforms) = postSolution
		{479AF25A-A451-49AA-A245-C7EDA06E217C}.Debug|Any CPU.ActiveCfg = Debug|Any CPU
		{479AF25A-A451-49AA-A245-C7EDA06E217C}.Debug|Any CPU.Build.0 = Debug|Any CPU
		{479AF25A-A451-49AA-A245-C7EDA06E217C}.Release|Any CPU.ActiveCfg = Release|Any CPU
		{479AF25A-A451-49AA-A245-C7EDA06E217C}.Release|Any CPU.Build.0 = Release|Any CPU
		{C52A65EC-07E4-4D9D-9343-DA98EA0ECD6B}.Debug|Any CPU.ActiveCfg = Debug|Any CPU
		{C52A65EC-07E4-4D9D-9343-DA98EA0ECD6B}.Debug|Any CPU.Build.0 = Debug|Any CPU
		{C52A65EC-07E4-4D9D-9343-DA98EA0ECD6B}.Release|Any CPU.ActiveCfg = Release|Any CPU
		{C52A65EC-07E4-4D9D-9343-DA98EA0ECD6B}.Release|Any CPU.Build.0 = Release|Any CPU
	EndGlobalSection
	GlobalSection(SolutionProperties) = preSolution
		HideSolutionNode = FALSE
	EndGlobalSection
	GlobalSection(ExtensibilityGlobals) = postSolution
		SolutionGuid = {1233AAD5-2848-4280-9BE2-A6F2AF8A66C9}
	EndGlobalSection
EndGlobal
